
Microsoft Visual Studio Solution File, Format Version 12.00
# Visual Studio Version 17
VisualStudioVersion = 17.10.35013.160
MinimumVisualStudioVersion = 10.0.40219.1
Project("{FAE04EC0-301F-11D3-BF4B-00C04F79EFBC}") = "Gestión de Bibliotecas", "Gestión de Bibliotecas\Gestión de Bibliotecas.csproj", "{B66C0A5F-6EF6-4260-A49C-2F27AFD94732}"
EndProject
Global
	GlobalSection(SolutionConfigurationPlatforms) = preSolution
		Debug|Any CPU = Debug|Any CPU
		Release|Any CPU = Release|Any CPU
	EndGlobalSection
	GlobalSection(ProjectConfigurationPlatforms) = postSolution
		{B66C0A5F-6EF6-4260-A49C-2F27AFD94732}.Debug|Any CPU.ActiveCfg = Debug|Any CPU
		{B66C0A5F-6EF6-4260-A49C-2F27AFD94732}.Debug|Any CPU.Build.0 = Debug|Any CPU
		{B66C0A5F-6EF6-4260-A49C-2F27AFD94732}.Release|Any CPU.ActiveCfg = Release|Any CPU
		{B66C0A5F-6EF6-4260-A49C-2F27AFD94732}.Release|Any CPU.Build.0 = Release|Any CPU
	EndGlobalSection
	GlobalSection(SolutionProperties) = preSolution
		HideSolutionNode = FALSE
	EndGlobalSection
	GlobalSection(ExtensibilityGlobals) = postSolution
		SolutionGuid = {3D0E3466-3790-4B2C-917B-3FE96C300CAF}
	EndGlobalSection
EndGlobal
