
Microsoft Visual Studio Solution File, Format Version 12.00
# Visual Studio Version 17
VisualStudioVersion = 17.10.35013.160
MinimumVisualStudioVersion = 10.0.40219.1
Project("{FAE04EC0-301F-11D3-BF4B-00C04F79EFBC}") = "prueba 1", "prueba 1\prueba 1.csproj", "{55002CE4-183C-4356-9607-B100BE69D808}"
EndProject
Global
	GlobalSection(SolutionConfigurationPlatforms) = preSolution
		Debug|Any CPU = Debug|Any CPU
		Release|Any CPU = Release|Any CPU
	EndGlobalSection
	GlobalSection(ProjectConfigurationPlatforms) = postSolution
		{55002CE4-183C-4356-9607-B100BE69D808}.Debug|Any CPU.ActiveCfg = Debug|Any CPU
		{55002CE4-183C-4356-9607-B100BE69D808}.Debug|Any CPU.Build.0 = Debug|Any CPU
		{55002CE4-183C-4356-9607-B100BE69D808}.Release|Any CPU.ActiveCfg = Release|Any CPU
		{55002CE4-183C-4356-9607-B100BE69D808}.Release|Any CPU.Build.0 = Release|Any CPU
	EndGlobalSection
	GlobalSection(SolutionProperties) = preSolution
		HideSolutionNode = FALSE
	EndGlobalSection
	GlobalSection(ExtensibilityGlobals) = postSolution
		SolutionGuid = {07CBAB64-2858-45B3-984F-F4775654B5C3}
	EndGlobalSection
EndGlobal
