
Microsoft Visual Studio Solution File, Format Version 12.00
# Visual Studio Version 17
VisualStudioVersion = 17.10.35013.160
MinimumVisualStudioVersion = 10.0.40219.1
Project("{FAE04EC0-301F-11D3-BF4B-00C04F79EFBC}") = "mayor y menor", "mayor y menor\mayor y menor.csproj", "{C9F6ABAA-C4BA-45EA-A53F-FD2CA3B080EF}"
EndProject
Global
	GlobalSection(SolutionConfigurationPlatforms) = preSolution
		Debug|Any CPU = Debug|Any CPU
		Release|Any CPU = Release|Any CPU
	EndGlobalSection
	GlobalSection(ProjectConfigurationPlatforms) = postSolution
		{C9F6ABAA-C4BA-45EA-A53F-FD2CA3B080EF}.Debug|Any CPU.ActiveCfg = Debug|Any CPU
		{C9F6ABAA-C4BA-45EA-A53F-FD2CA3B080EF}.Debug|Any CPU.Build.0 = Debug|Any CPU
		{C9F6ABAA-C4BA-45EA-A53F-FD2CA3B080EF}.Release|Any CPU.ActiveCfg = Release|Any CPU
		{C9F6ABAA-C4BA-45EA-A53F-FD2CA3B080EF}.Release|Any CPU.Build.0 = Release|Any CPU
	EndGlobalSection
	GlobalSection(SolutionProperties) = preSolution
		HideSolutionNode = FALSE
	EndGlobalSection
	GlobalSection(ExtensibilityGlobals) = postSolution
		SolutionGuid = {2F7E9215-F714-41BE-AC4E-673E35F5C726}
	EndGlobalSection
EndGlobal
